
Microsoft Visual Studio Solution File, Format Version 12.00
# Visual Studio Version 17
VisualStudioVersion = 17.0.31903.59
MinimumVisualStudioVersion = 10.0.40219.1
Project("{2150E333-8FDC-42A3-9474-1A3956D46DE8}") = "src", "src", "{827E0CD3-B72D-47B6-A68D-7590B98EB39B}"
EndProject
Project("{FAE04EC0-301F-11D3-BF4B-00C04F79EFBC}") = "TaskManager.Domain", "src\TaskManager.Domain\TaskManager.Domain.csproj", "{95EBF0C3-7038-4B1F-9130-521B70E67FA3}"
EndProject
Project("{FAE04EC0-301F-11D3-BF4B-00C04F79EFBC}") = "TaskManager.Application", "src\TaskManager.Application\TaskManager.Application.csproj", "{167714F6-05E3-44A9-B66E-950570F62BCB}"
EndProject
Project("{FAE04EC0-301F-11D3-BF4B-00C04F79EFBC}") = "TaskManager.Infrastructure", "src\TaskManager.Infrastructure\TaskManager.Infrastructure.csproj", "{EACC1192-6C9A-4DD2-840C-35611CDF2E64}"
EndProject
Project("{FAE04EC0-301F-11D3-BF4B-00C04F79EFBC}") = "TaskManager.API", "src\TaskManager.API\TaskManager.API.csproj", "{ACC1B02E-8B6A-411E-B550-5C3B506838F5}"
EndProject
Project("{2150E333-8FDC-42A3-9474-1A3956D46DE8}") = "tests", "tests", "{0AB3BF05-4346-4AA6-1389-037BE0695223}"
EndProject
Project("{FAE04EC0-301F-11D3-BF4B-00C04F79EFBC}") = "TaskManager.Domain.Tests", "tests\TaskManager.Domain.Tests\TaskManager.Domain.Tests.csproj", "{7895C65E-264E-43A6-A878-75CD10D97BD1}"
EndProject
Project("{FAE04EC0-301F-11D3-BF4B-00C04F79EFBC}") = "TaskManager.Application.Tests", "tests\TaskManager.Application.Tests\TaskManager.Application.Tests.csproj", "{B2E48BF0-3E14-44E6-88A0-71111BEAE2E4}"
EndProject
Project("{FAE04EC0-301F-11D3-BF4B-00C04F79EFBC}") = "TaskManager.Infrastructure.Tests", "tests\TaskManager.Infrastructure.Tests\TaskManager.Infrastructure.Tests.csproj", "{78936683-E1DF-4FF5-A941-9ADA135F7DCD}"
EndProject
Global
	GlobalSection(SolutionConfigurationPlatforms) = preSolution
		Debug|Any CPU = Debug|Any CPU
		Debug|x64 = Debug|x64
		Debug|x86 = Debug|x86
		Release|Any CPU = Release|Any CPU
		Release|x64 = Release|x64
		Release|x86 = Release|x86
	EndGlobalSection
	GlobalSection(ProjectConfigurationPlatforms) = postSolution
		{95EBF0C3-7038-4B1F-9130-521B70E67FA3}.Debug|Any CPU.ActiveCfg = Debug|Any CPU
		{95EBF0C3-7038-4B1F-9130-521B70E67FA3}.Debug|Any CPU.Build.0 = Debug|Any CPU
		{95EBF0C3-7038-4B1F-9130-521B70E67FA3}.Debug|x64.ActiveCfg = Debug|Any CPU
		{95EBF0C3-7038-4B1F-9130-521B70E67FA3}.Debug|x64.Build.0 = Debug|Any CPU
		{95EBF0C3-7038-4B1F-9130-521B70E67FA3}.Debug|x86.ActiveCfg = Debug|Any CPU
		{95EBF0C3-7038-4B1F-9130-521B70E67FA3}.Debug|x86.Build.0 = Debug|Any CPU
		{95EBF0C3-7038-4B1F-9130-521B70E67FA3}.Release|Any CPU.ActiveCfg = Release|Any CPU
		{95EBF0C3-7038-4B1F-9130-521B70E67FA3}.Release|Any CPU.Build.0 = Release|Any CPU
		{95EBF0C3-7038-4B1F-9130-521B70E67FA3}.Release|x64.ActiveCfg = Release|Any CPU
		{95EBF0C3-7038-4B1F-9130-521B70E67FA3}.Release|x64.Build.0 = Release|Any CPU
		{95EBF0C3-7038-4B1F-9130-521B70E67FA3}.Release|x86.ActiveCfg = Release|Any CPU
		{95EBF0C3-7038-4B1F-9130-521B70E67FA3}.Release|x86.Build.0 = Release|Any CPU
		{167714F6-05E3-44A9-B66E-950570F62BCB}.Debug|Any CPU.ActiveCfg = Debug|Any CPU
		{167714F6-05E3-44A9-B66E-950570F62BCB}.Debug|Any CPU.Build.0 = Debug|Any CPU
		{167714F6-05E3-44A9-B66E-950570F62BCB}.Debug|x64.ActiveCfg = Debug|Any CPU
		{167714F6-05E3-44A9-B66E-950570F62BCB}.Debug|x64.Build.0 = Debug|Any CPU
		{167714F6-05E3-44A9-B66E-950570F62BCB}.Debug|x86.ActiveCfg = Debug|Any CPU
		{167714F6-05E3-44A9-B66E-950570F62BCB}.Debug|x86.Build.0 = Debug|Any CPU
		{167714F6-05E3-44A9-B66E-950570F62BCB}.Release|Any CPU.ActiveCfg = Release|Any CPU
		{167714F6-05E3-44A9-B66E-950570F62BCB}.Release|Any CPU.Build.0 = Release|Any CPU
		{167714F6-05E3-44A9-B66E-950570F62BCB}.Release|x64.ActiveCfg = Release|Any CPU
		{167714F6-05E3-44A9-B66E-950570F62BCB}.Release|x64.Build.0 = Release|Any CPU
		{167714F6-05E3-44A9-B66E-950570F62BCB}.Release|x86.ActiveCfg = Release|Any CPU
		{167714F6-05E3-44A9-B66E-950570F62BCB}.Release|x86.Build.0 = Release|Any CPU
		{EACC1192-6C9A-4DD2-840C-35611CDF2E64}.Debug|Any CPU.ActiveCfg = Debug|Any CPU
		{EACC1192-6C9A-4DD2-840C-35611CDF2E64}.Debug|Any CPU.Build.0 = Debug|Any CPU
		{EACC1192-6C9A-4DD2-840C-35611CDF2E64}.Debug|x64.ActiveCfg = Debug|Any CPU
		{EACC1192-6C9A-4DD2-840C-35611CDF2E64}.Debug|x64.Build.0 = Debug|Any CPU
		{EACC1192-6C9A-4DD2-840C-35611CDF2E64}.Debug|x86.ActiveCfg = Debug|Any CPU
		{EACC1192-6C9A-4DD2-840C-35611CDF2E64}.Debug|x86.Build.0 = Debug|Any CPU
		{EACC1192-6C9A-4DD2-840C-35611CDF2E64}.Release|Any CPU.ActiveCfg = Release|Any CPU
		{EACC1192-6C9A-4DD2-840C-35611CDF2E64}.Release|Any CPU.Build.0 = Release|Any CPU
		{EACC1192-6C9A-4DD2-840C-35611CDF2E64}.Release|x64.ActiveCfg = Release|Any CPU
		{EACC1192-6C9A-4DD2-840C-35611CDF2E64}.Release|x64.Build.0 = Release|Any CPU
		{EACC1192-6C9A-4DD2-840C-35611CDF2E64}.Release|x86.ActiveCfg = Release|Any CPU
		{EACC1192-6C9A-4DD2-840C-35611CDF2E64}.Release|x86.Build.0 = Release|Any CPU
		{ACC1B02E-8B6A-411E-B550-5C3B506838F5}.Debug|Any CPU.ActiveCfg = Debug|Any CPU
		{ACC1B02E-8B6A-411E-B550-5C3B506838F5}.Debug|Any CPU.Build.0 = Debug|Any CPU
		{ACC1B02E-8B6A-411E-B550-5C3B506838F5}.Debug|x64.ActiveCfg = Debug|Any CPU
		{ACC1B02E-8B6A-411E-B550-5C3B506838F5}.Debug|x64.Build.0 = Debug|Any CPU
		{ACC1B02E-8B6A-411E-B550-5C3B506838F5}.Debug|x86.ActiveCfg = Debug|Any CPU
		{ACC1B02E-8B6A-411E-B550-5C3B506838F5}.Debug|x86.Build.0 = Debug|Any CPU
		{ACC1B02E-8B6A-411E-B550-5C3B506838F5}.Release|Any CPU.ActiveCfg = Release|Any CPU
		{ACC1B02E-8B6A-411E-B550-5C3B506838F5}.Release|Any CPU.Build.0 = Release|Any CPU
		{ACC1B02E-8B6A-411E-B550-5C3B506838F5}.Release|x64.ActiveCfg = Release|Any CPU
		{ACC1B02E-8B6A-411E-B550-5C3B506838F5}.Release|x64.Build.0 = Release|Any CPU
		{ACC1B02E-8B6A-411E-B550-5C3B506838F5}.Release|x86.ActiveCfg = Release|Any CPU
		{ACC1B02E-8B6A-411E-B550-5C3B506838F5}.Release|x86.Build.0 = Release|Any CPU
		{7895C65E-264E-43A6-A878-75CD10D97BD1}.Debug|Any CPU.ActiveCfg = Debug|Any CPU
		{7895C65E-264E-43A6-A878-75CD10D97BD1}.Debug|Any CPU.Build.0 = Debug|Any CPU
		{7895C65E-264E-43A6-A878-75CD10D97BD1}.Debug|x64.ActiveCfg = Debug|Any CPU
		{7895C65E-264E-43A6-A878-75CD10D97BD1}.Debug|x64.Build.0 = Debug|Any CPU
		{7895C65E-264E-43A6-A878-75CD10D97BD1}.Debug|x86.ActiveCfg = Debug|Any CPU
		{7895C65E-264E-43A6-A878-75CD10D97BD1}.Debug|x86.Build.0 = Debug|Any CPU
		{7895C65E-264E-43A6-A878-75CD10D97BD1}.Release|Any CPU.ActiveCfg = Release|Any CPU
		{7895C65E-264E-43A6-A878-75CD10D97BD1}.Release|Any CPU.Build.0 = Release|Any CPU
		{7895C65E-264E-43A6-A878-75CD10D97BD1}.Release|x64.ActiveCfg = Release|Any CPU
		{7895C65E-264E-43A6-A878-75CD10D97BD1}.Release|x64.Build.0 = Release|Any CPU
		{7895C65E-264E-43A6-A878-75CD10D97BD1}.Release|x86.ActiveCfg = Release|Any CPU
		{7895C65E-264E-43A6-A878-75CD10D97BD1}.Release|x86.Build.0 = Release|Any CPU
		{B2E48BF0-3E14-44E6-88A0-71111BEAE2E4}.Debug|Any CPU.ActiveCfg = Debug|Any CPU
		{B2E48BF0-3E14-44E6-88A0-71111BEAE2E4}.Debug|Any CPU.Build.0 = Debug|Any CPU
		{B2E48BF0-3E14-44E6-88A0-71111BEAE2E4}.Debug|x64.ActiveCfg = Debug|Any CPU
		{B2E48BF0-3E14-44E6-88A0-71111BEAE2E4}.Debug|x64.Build.0 = Debug|Any CPU
		{B2E48BF0-3E14-44E6-88A0-71111BEAE2E4}.Debug|x86.ActiveCfg = Debug|Any CPU
		{B2E48BF0-3E14-44E6-88A0-71111BEAE2E4}.Debug|x86.Build.0 = Debug|Any CPU
		{B2E48BF0-3E14-44E6-88A0-71111BEAE2E4}.Release|Any CPU.ActiveCfg = Release|Any CPU
		{B2E48BF0-3E14-44E6-88A0-71111BEAE2E4}.Release|Any CPU.Build.0 = Release|Any CPU
		{B2E48BF0-3E14-44E6-88A0-71111BEAE2E4}.Release|x64.ActiveCfg = Release|Any CPU
		{B2E48BF0-3E14-44E6-88A0-71111BEAE2E4}.Release|x64.Build.0 = Release|Any CPU
		{B2E48BF0-3E14-44E6-88A0-71111BEAE2E4}.Release|x86.ActiveCfg = Release|Any CPU
		{B2E48BF0-3E14-44E6-88A0-71111BEAE2E4}.Release|x86.Build.0 = Release|Any CPU
		{78936683-E1DF-4FF5-A941-9ADA135F7DCD}.Debug|Any CPU.ActiveCfg = Debug|Any CPU
		{78936683-E1DF-4FF5-A941-9ADA135F7DCD}.Debug|Any CPU.Build.0 = Debug|Any CPU
		{78936683-E1DF-4FF5-A941-9ADA135F7DCD}.Debug|x64.ActiveCfg = Debug|Any CPU
		{78936683-E1DF-4FF5-A941-9ADA135F7DCD}.Debug|x64.Build.0 = Debug|Any CPU
		{78936683-E1DF-4FF5-A941-9ADA135F7DCD}.Debug|x86.ActiveCfg = Debug|Any CPU
		{78936683-E1DF-4FF5-A941-9ADA135F7DCD}.Debug|x86.Build.0 = Debug|Any CPU
		{78936683-E1DF-4FF5-A941-9ADA135F7DCD}.Release|Any CPU.ActiveCfg = Release|Any CPU
		{78936683-E1DF-4FF5-A941-9ADA135F7DCD}.Release|Any CPU.Build.0 = Release|Any CPU
		{78936683-E1DF-4FF5-A941-9ADA135F7DCD}.Release|x64.ActiveCfg = Release|Any CPU
		{78936683-E1DF-4FF5-A941-9ADA135F7DCD}.Release|x64.Build.0 = Release|Any CPU
		{78936683-E1DF-4FF5-A941-9ADA135F7DCD}.Release|x86.ActiveCfg = Release|Any CPU
		{78936683-E1DF-4FF5-A941-9ADA135F7DCD}.Release|x86.Build.0 = Release|Any CPU
	EndGlobalSection
	GlobalSection(SolutionProperties) = preSolution
		HideSolutionNode = FALSE
	EndGlobalSection
	GlobalSection(NestedProjects) = preSolution
		{95EBF0C3-7038-4B1F-9130-521B70E67FA3} = {827E0CD3-B72D-47B6-A68D-7590B98EB39B}
		{167714F6-05E3-44A9-B66E-950570F62BCB} = {827E0CD3-B72D-47B6-A68D-7590B98EB39B}
		{EACC1192-6C9A-4DD2-840C-35611CDF2E64} = {827E0CD3-B72D-47B6-A68D-7590B98EB39B}
		{ACC1B02E-8B6A-411E-B550-5C3B506838F5} = {827E0CD3-B72D-47B6-A68D-7590B98EB39B}
		{7895C65E-264E-43A6-A878-75CD10D97BD1} = {0AB3BF05-4346-4AA6-1389-037BE0695223}
		{B2E48BF0-3E14-44E6-88A0-71111BEAE2E4} = {0AB3BF05-4346-4AA6-1389-037BE0695223}
		{78936683-E1DF-4FF5-A941-9ADA135F7DCD} = {0AB3BF05-4346-4AA6-1389-037BE0695223}
	EndGlobalSection
EndGlobal
